
Microsoft Visual Studio Solution File, Format Version 12.00
# Visual Studio Version 16
VisualStudioVersion = 16.0.29123.88
MinimumVisualStudioVersion = 10.0.40219.1
Project("{FAE04EC0-301F-11D3-BF4B-00C04F79EFBC}") = "Mercury", "src\Mercury\Mercury.csproj", "{DE266D15-5386-4A2D-97CB-447AA48ED978}"
EndProject
Project("{FAE04EC0-301F-11D3-BF4B-00C04F79EFBC}") = "TestApp", "src\TestApp\TestApp.csproj", "{95B4F579-F86E-446D-AAA7-C3456BE0DE0D}"
EndProject
Global
	GlobalSection(SolutionConfigurationPlatforms) = preSolution
		Debug|Any CPU = Debug|Any CPU
		Release|Any CPU = Release|Any CPU
	EndGlobalSection
	GlobalSection(ProjectConfigurationPlatforms) = postSolution
		{DE266D15-5386-4A2D-97CB-447AA48ED978}.Debug|Any CPU.ActiveCfg = Debug|Any CPU
		{DE266D15-5386-4A2D-97CB-447AA48ED978}.Debug|Any CPU.Build.0 = Debug|Any CPU
		{DE266D15-5386-4A2D-97CB-447AA48ED978}.Release|Any CPU.ActiveCfg = Release|Any CPU
		{DE266D15-5386-4A2D-97CB-447AA48ED978}.Release|Any CPU.Build.0 = Release|Any CPU
		{95B4F579-F86E-446D-AAA7-C3456BE0DE0D}.Debug|Any CPU.ActiveCfg = Debug|Any CPU
		{95B4F579-F86E-446D-AAA7-C3456BE0DE0D}.Debug|Any CPU.Build.0 = Debug|Any CPU
		{95B4F579-F86E-446D-AAA7-C3456BE0DE0D}.Release|Any CPU.ActiveCfg = Release|Any CPU
		{95B4F579-F86E-446D-AAA7-C3456BE0DE0D}.Release|Any CPU.Build.0 = Release|Any CPU
	EndGlobalSection
	GlobalSection(SolutionProperties) = preSolution
		HideSolutionNode = FALSE
	EndGlobalSection
	GlobalSection(ExtensibilityGlobals) = postSolution
		SolutionGuid = {2CA65822-A2D0-4153-9E79-3301724CEA4A}
	EndGlobalSection
EndGlobal
